
Microsoft Visual Studio Solution File, Format Version 12.00
# Visual Studio 2013
VisualStudioVersion = 12.0.21005.1
MinimumVisualStudioVersion = 10.0.40219.1
Project("{F184B08F-C81C-45F6-A57F-5ABD9991F28F}") = "PhoneApp1", "PhoneApp1\PhoneApp1.vbproj", "{9447B329-C8D8-4269-A5D8-957B4DAED9CE}"
EndProject
Project("{8BC9CEB8-8B4A-11D0-8D11-00A0C91BC942}") = "counter", "counter\counter.vcxproj", "{906FA25F-8B3A-4C7E-9185-35500133D5E5}"
EndProject
Global
	GlobalSection(SolutionConfigurationPlatforms) = preSolution
		Debug|Any CPU = Debug|Any CPU
		Debug|ARM = Debug|ARM
		Debug|Mixed Platforms = Debug|Mixed Platforms
		Debug|Win32 = Debug|Win32
		Debug|x86 = Debug|x86
		Release|Any CPU = Release|Any CPU
		Release|ARM = Release|ARM
		Release|Mixed Platforms = Release|Mixed Platforms
		Release|Win32 = Release|Win32
		Release|x86 = Release|x86
	EndGlobalSection
	GlobalSection(ProjectConfigurationPlatforms) = postSolution
		{9447B329-C8D8-4269-A5D8-957B4DAED9CE}.Debug|Any CPU.ActiveCfg = Debug|Any CPU
		{9447B329-C8D8-4269-A5D8-957B4DAED9CE}.Debug|Any CPU.Build.0 = Debug|Any CPU
		{9447B329-C8D8-4269-A5D8-957B4DAED9CE}.Debug|Any CPU.Deploy.0 = Debug|Any CPU
		{9447B329-C8D8-4269-A5D8-957B4DAED9CE}.Debug|ARM.ActiveCfg = Debug|ARM
		{9447B329-C8D8-4269-A5D8-957B4DAED9CE}.Debug|ARM.Build.0 = Debug|ARM
		{9447B329-C8D8-4269-A5D8-957B4DAED9CE}.Debug|ARM.Deploy.0 = Debug|ARM
		{9447B329-C8D8-4269-A5D8-957B4DAED9CE}.Debug|Mixed Platforms.ActiveCfg = Debug|x86
		{9447B329-C8D8-4269-A5D8-957B4DAED9CE}.Debug|Mixed Platforms.Build.0 = Debug|x86
		{9447B329-C8D8-4269-A5D8-957B4DAED9CE}.Debug|Mixed Platforms.Deploy.0 = Debug|x86
		{9447B329-C8D8-4269-A5D8-957B4DAED9CE}.Debug|Win32.ActiveCfg = Debug|x86
		{9447B329-C8D8-4269-A5D8-957B4DAED9CE}.Debug|Win32.Build.0 = Debug|x86
		{9447B329-C8D8-4269-A5D8-957B4DAED9CE}.Debug|Win32.Deploy.0 = Debug|x86
		{9447B329-C8D8-4269-A5D8-957B4DAED9CE}.Debug|x86.ActiveCfg = Debug|x86
		{9447B329-C8D8-4269-A5D8-957B4DAED9CE}.Debug|x86.Build.0 = Debug|x86
		{9447B329-C8D8-4269-A5D8-957B4DAED9CE}.Debug|x86.Deploy.0 = Debug|x86
		{9447B329-C8D8-4269-A5D8-957B4DAED9CE}.Release|Any CPU.ActiveCfg = Release|Any CPU
		{9447B329-C8D8-4269-A5D8-957B4DAED9CE}.Release|Any CPU.Build.0 = Release|Any CPU
		{9447B329-C8D8-4269-A5D8-957B4DAED9CE}.Release|Any CPU.Deploy.0 = Release|Any CPU
		{9447B329-C8D8-4269-A5D8-957B4DAED9CE}.Release|ARM.ActiveCfg = Release|ARM
		{9447B329-C8D8-4269-A5D8-957B4DAED9CE}.Release|ARM.Build.0 = Release|ARM
		{9447B329-C8D8-4269-A5D8-957B4DAED9CE}.Release|ARM.Deploy.0 = Release|ARM
		{9447B329-C8D8-4269-A5D8-957B4DAED9CE}.Release|Mixed Platforms.ActiveCfg = Release|x86
		{9447B329-C8D8-4269-A5D8-957B4DAED9CE}.Release|Mixed Platforms.Build.0 = Release|x86
		{9447B329-C8D8-4269-A5D8-957B4DAED9CE}.Release|Mixed Platforms.Deploy.0 = Release|x86
		{9447B329-C8D8-4269-A5D8-957B4DAED9CE}.Release|Win32.ActiveCfg = Release|x86
		{9447B329-C8D8-4269-A5D8-957B4DAED9CE}.Release|Win32.Build.0 = Release|x86
		{9447B329-C8D8-4269-A5D8-957B4DAED9CE}.Release|Win32.Deploy.0 = Release|x86
		{9447B329-C8D8-4269-A5D8-957B4DAED9CE}.Release|x86.ActiveCfg = Release|x86
		{9447B329-C8D8-4269-A5D8-957B4DAED9CE}.Release|x86.Build.0 = Release|x86
		{9447B329-C8D8-4269-A5D8-957B4DAED9CE}.Release|x86.Deploy.0 = Release|x86
		{906FA25F-8B3A-4C7E-9185-35500133D5E5}.Debug|Any CPU.ActiveCfg = Debug|Win32
		{906FA25F-8B3A-4C7E-9185-35500133D5E5}.Debug|ARM.ActiveCfg = Debug|ARM
		{906FA25F-8B3A-4C7E-9185-35500133D5E5}.Debug|ARM.Build.0 = Debug|ARM
		{906FA25F-8B3A-4C7E-9185-35500133D5E5}.Debug|Mixed Platforms.ActiveCfg = Debug|Win32
		{906FA25F-8B3A-4C7E-9185-35500133D5E5}.Debug|Mixed Platforms.Build.0 = Debug|Win32
		{906FA25F-8B3A-4C7E-9185-35500133D5E5}.Debug|Win32.ActiveCfg = Debug|Win32
		{906FA25F-8B3A-4C7E-9185-35500133D5E5}.Debug|Win32.Build.0 = Debug|Win32
		{906FA25F-8B3A-4C7E-9185-35500133D5E5}.Debug|x86.ActiveCfg = Debug|Win32
		{906FA25F-8B3A-4C7E-9185-35500133D5E5}.Debug|x86.Build.0 = Debug|Win32
		{906FA25F-8B3A-4C7E-9185-35500133D5E5}.Release|Any CPU.ActiveCfg = Release|Win32
		{906FA25F-8B3A-4C7E-9185-35500133D5E5}.Release|ARM.ActiveCfg = Release|ARM
		{906FA25F-8B3A-4C7E-9185-35500133D5E5}.Release|ARM.Build.0 = Release|ARM
		{906FA25F-8B3A-4C7E-9185-35500133D5E5}.Release|Mixed Platforms.ActiveCfg = Release|Win32
		{906FA25F-8B3A-4C7E-9185-35500133D5E5}.Release|Mixed Platforms.Build.0 = Release|Win32
		{906FA25F-8B3A-4C7E-9185-35500133D5E5}.Release|Win32.ActiveCfg = Release|Win32
		{906FA25F-8B3A-4C7E-9185-35500133D5E5}.Release|Win32.Build.0 = Release|Win32
		{906FA25F-8B3A-4C7E-9185-35500133D5E5}.Release|x86.ActiveCfg = Release|Win32
		{906FA25F-8B3A-4C7E-9185-35500133D5E5}.Release|x86.Build.0 = Release|Win32
	EndGlobalSection
	GlobalSection(SolutionProperties) = preSolution
		HideSolutionNode = FALSE
	EndGlobalSection
EndGlobal
